// !$*UTF8*$!
{
	archiveVersion = 1;
	classes = {
	};
	objectVersion = 51;
	objects = {

/* Begin PBXBuildFile section */
		1429F29CCB1D4F665DB8FA74 /* Pods_qrcodeStuff.framework in Frameworks */ = {isa = PBXBuildFile; fileRef = 22D509E9B7950F2730DF164C /* Pods_qrcodeStuff.framework */; };
		4F391DCDEFD22514619996BE /* Pods_qrcodeStuff_appTests.framework in Frameworks */ = {isa = PBXBuildFile; fileRef = B9ABC153630151697F232D06 /* Pods_qrcodeStuff_appTests.framework */; };
		8F10D3EF26113458006DAF19 /* filterStudentsTests.swift in Sources */ = {isa = PBXBuildFile; fileRef = 8F10D3EE26113458006DAF19 /* filterStudentsTests.swift */; };
		8F10D4222611AA8D006DAF19 /* filterStudentsUITests.swift in Sources */ = {isa = PBXBuildFile; fileRef = 8F10D3FF2611A4EC006DAF19 /* filterStudentsUITests.swift */; };
		8F814C8226086B0C008FF4E2 /* Student.swift in Sources */ = {isa = PBXBuildFile; fileRef = 8F814C8126086B0C008FF4E2 /* Student.swift */; };
		8F814C8526086B15008FF4E2 /* FilterStudentsTableViewCell.swift in Sources */ = {isa = PBXBuildFile; fileRef = 8F814C8426086B15008FF4E2 /* FilterStudentsTableViewCell.swift */; };
		8F814C8826086B1F008FF4E2 /* FilterStudentsTableViewController.swift in Sources */ = {isa = PBXBuildFile; fileRef = 8F814C8726086B1F008FF4E2 /* FilterStudentsTableViewController.swift */; };
		B12EA1ED260008550082CA9C /* AppDelegate.swift in Sources */ = {isa = PBXBuildFile; fileRef = B12EA1EC260008550082CA9C /* AppDelegate.swift */; };
		B12EA1EF260008550082CA9C /* SceneDelegate.swift in Sources */ = {isa = PBXBuildFile; fileRef = B12EA1EE260008550082CA9C /* SceneDelegate.swift */; };
		B12EA1F4260008550082CA9C /* Main.storyboard in Resources */ = {isa = PBXBuildFile; fileRef = B12EA1F2260008550082CA9C /* Main.storyboard */; };
		B12EA1F6260008560082CA9C /* Assets.xcassets in Resources */ = {isa = PBXBuildFile; fileRef = B12EA1F5260008560082CA9C /* Assets.xcassets */; };
		B12EA1F9260008560082CA9C /* LaunchScreen.storyboard in Resources */ = {isa = PBXBuildFile; fileRef = B12EA1F7260008560082CA9C /* LaunchScreen.storyboard */; };
		B12EA206260009030082CA9C /* GoogleService-Info.plist in Resources */ = {isa = PBXBuildFile; fileRef = B12EA205260009030082CA9C /* GoogleService-Info.plist */; };
		B12EA22126000C6A0082CA9C /* ScannerViewController.swift in Sources */ = {isa = PBXBuildFile; fileRef = B12EA22026000C6A0082CA9C /* ScannerViewController.swift */; };
		B144A21D26040B060011FB9C /* BuildingXXXTableViewCell.swift in Sources */ = {isa = PBXBuildFile; fileRef = B144A21C26040B060011FB9C /* BuildingXXXTableViewCell.swift */; };
		B144A22126040DF10011FB9C /* BuildingXXXViewController.swift in Sources */ = {isa = PBXBuildFile; fileRef = B144A22026040DF10011FB9C /* BuildingXXXViewController.swift */; };
		B14E729326100667003370E1 /* qrCodeTests.swift in Sources */ = {isa = PBXBuildFile; fileRef = B14E729226100667003370E1 /* qrCodeTests.swift */; };
		B176E275261004B70065D18B /* appTests.swift in Sources */ = {isa = PBXBuildFile; fileRef = B176E274261004B70065D18B /* appTests.swift */; };
		B17C6E6D2607D74B00C8E964 /* building.swift in Sources */ = {isa = PBXBuildFile; fileRef = B17C6E6A2607D74B00C8E964 /* building.swift */; };
		B17C6E6E2607D74B00C8E964 /* buildingService.swift in Sources */ = {isa = PBXBuildFile; fileRef = B17C6E6B2607D74B00C8E964 /* buildingService.swift */; };
		B17C6E6F2607D74B00C8E964 /* buildingFirebase.swift in Sources */ = {isa = PBXBuildFile; fileRef = B17C6E6C2607D74B00C8E964 /* buildingFirebase.swift */; };
		B17C6E752607D7A300C8E964 /* BuildingViewController.swift in Sources */ = {isa = PBXBuildFile; fileRef = B17C6E742607D7A300C8E964 /* BuildingViewController.swift */; };
		B17C6E792607D7BF00C8E964 /* BuildingsManageViewControllerViewController.swift in Sources */ = {isa = PBXBuildFile; fileRef = B17C6E772607D7BF00C8E964 /* BuildingsManageViewControllerViewController.swift */; };
		B17C6E7A2607D7BF00C8E964 /* EditBuildingViewController.swift in Sources */ = {isa = PBXBuildFile; fileRef = B17C6E782607D7BF00C8E964 /* EditBuildingViewController.swift */; };
		B17C6E7D2607D7DD00C8E964 /* BuildingsManageTableViewCell.swift in Sources */ = {isa = PBXBuildFile; fileRef = B17C6E7C2607D7DD00C8E964 /* BuildingsManageTableViewCell.swift */; };
		B17C6E9426081E7200C8E964 /* AddBuildingViewController.swift in Sources */ = {isa = PBXBuildFile; fileRef = B17C6E9326081E7200C8E964 /* AddBuildingViewController.swift */; };
		B1C703FF26004A5B00313817 /* GenerateQRViewController.swift in Sources */ = {isa = PBXBuildFile; fileRef = B1C703FE26004A5B00313817 /* GenerateQRViewController.swift */; };
		B1F53717260A4F34001FFA2B /* ViewController.swift in Sources */ = {isa = PBXBuildFile; fileRef = B1F53710260A4F34001FFA2B /* ViewController.swift */; };
		B1F53718260A4F34001FFA2B /* ManagerSignUpViewController.swift in Sources */ = {isa = PBXBuildFile; fileRef = B1F53711260A4F34001FFA2B /* ManagerSignUpViewController.swift */; };
		B1F53719260A4F34001FFA2B /* StudentVisitHistoryViewController.swift in Sources */ = {isa = PBXBuildFile; fileRef = B1F53712260A4F34001FFA2B /* StudentVisitHistoryViewController.swift */; };
		B1F5371A260A4F34001FFA2B /* ProfileSelectionViewController.swift in Sources */ = {isa = PBXBuildFile; fileRef = B1F53713260A4F34001FFA2B /* ProfileSelectionViewController.swift */; };
		B1F5371B260A4F34001FFA2B /* HomeViewController.swift in Sources */ = {isa = PBXBuildFile; fileRef = B1F53714260A4F34001FFA2B /* HomeViewController.swift */; };
		B1F5371C260A4F34001FFA2B /* ManagerFeedViewController.swift in Sources */ = {isa = PBXBuildFile; fileRef = B1F53715260A4F34001FFA2B /* ManagerFeedViewController.swift */; };
		B1F5371D260A4F34001FFA2B /* StudentSignUpViewController.swift in Sources */ = {isa = PBXBuildFile; fileRef = B1F53716260A4F34001FFA2B /* StudentSignUpViewController.swift */; };
		B1F53721260A4F65001FFA2B /* DesignableView.swift in Sources */ = {isa = PBXBuildFile; fileRef = B1F53720260A4F65001FFA2B /* DesignableView.swift */; };
		B1F53729260A4F85001FFA2B /* UIViewController+Extensions.swift in Sources */ = {isa = PBXBuildFile; fileRef = B1F53727260A4F85001FFA2B /* UIViewController+Extensions.swift */; };
		B1F53734260A4FD7001FFA2B /* Constants.swift in Sources */ = {isa = PBXBuildFile; fileRef = B1F5372F260A4FD7001FFA2B /* Constants.swift */; };
		B1F53735260A4FD7001FFA2B /* Utilities.swift in Sources */ = {isa = PBXBuildFile; fileRef = B1F53730260A4FD7001FFA2B /* Utilities.swift */; };
		B1F53736260A4FD7001FFA2B /* UIPhotoDelegate.swift in Sources */ = {isa = PBXBuildFile; fileRef = B1F53731260A4FD7001FFA2B /* UIPhotoDelegate.swift */; };
		B1F53737260A4FD7001FFA2B /* UserData.swift in Sources */ = {isa = PBXBuildFile; fileRef = B1F53732260A4FD7001FFA2B /* UserData.swift */; };
		B1F53738260A4FD7001FFA2B /* FirestoreAccessor.swift in Sources */ = {isa = PBXBuildFile; fileRef = B1F53733260A4FD7001FFA2B /* FirestoreAccessor.swift */; };
		BF2BC6B72609ADB900E01139 /* PhotoUploadViewController.swift in Sources */ = {isa = PBXBuildFile; fileRef = BF2BC6B62609ADB900E01139 /* PhotoUploadViewController.swift */; };
		BF2BC6BF2609AE0500E01139 /* ManagerTabBarController.swift in Sources */ = {isa = PBXBuildFile; fileRef = BF2BC6BA2609AE0500E01139 /* ManagerTabBarController.swift */; };
		BF2BC6C02609AE0500E01139 /* ProfileEditViewController.swift in Sources */ = {isa = PBXBuildFile; fileRef = BF2BC6BB2609AE0500E01139 /* ProfileEditViewController.swift */; };
		BF2BC6C12609AE0500E01139 /* DeleteAccountViewController.swift in Sources */ = {isa = PBXBuildFile; fileRef = BF2BC6BC2609AE0500E01139 /* DeleteAccountViewController.swift */; };
		BF2BC6C22609AE0500E01139 /* ProfilePageViewController.swift in Sources */ = {isa = PBXBuildFile; fileRef = BF2BC6BD2609AE0500E01139 /* ProfilePageViewController.swift */; };
		BF2BC6C32609AE0500E01139 /* StudentTabBarController.swift in Sources */ = {isa = PBXBuildFile; fileRef = BF2BC6BE2609AE0500E01139 /* StudentTabBarController.swift */; };
/* End PBXBuildFile section */

/* Begin PBXContainerItemProxy section */
		8F10D4022611A4EC006DAF19 /* PBXContainerItemProxy */ = {
			isa = PBXContainerItemProxy;
			containerPortal = B12EA1E1260008550082CA9C /* Project object */;
			proxyType = 1;
			remoteGlobalIDString = B12EA1E8260008550082CA9C;
			remoteInfo = qrcodeStuff;
		};
		B176E277261004B70065D18B /* PBXContainerItemProxy */ = {
			isa = PBXContainerItemProxy;
			containerPortal = B12EA1E1260008550082CA9C /* Project object */;
			proxyType = 1;
			remoteGlobalIDString = B12EA1E8260008550082CA9C;
			remoteInfo = qrcodeStuff;
		};
/* End PBXContainerItemProxy section */

/* Begin PBXFileReference section */
		2093DCFD0E3CB7330B73A258 /* Pods-qrcodeStuff.debug.xcconfig */ = {isa = PBXFileReference; includeInIndex = 1; lastKnownFileType = text.xcconfig; name = "Pods-qrcodeStuff.debug.xcconfig"; path = "Target Support Files/Pods-qrcodeStuff/Pods-qrcodeStuff.debug.xcconfig"; sourceTree = "<group>"; };
		22D509E9B7950F2730DF164C /* Pods_qrcodeStuff.framework */ = {isa = PBXFileReference; explicitFileType = wrapper.framework; includeInIndex = 0; path = Pods_qrcodeStuff.framework; sourceTree = BUILT_PRODUCTS_DIR; };
		5B25DAB09A0535079427E1C6 /* Pods-qrcodeStuff-appTests.debug.xcconfig */ = {isa = PBXFileReference; includeInIndex = 1; lastKnownFileType = text.xcconfig; name = "Pods-qrcodeStuff-appTests.debug.xcconfig"; path = "Target Support Files/Pods-qrcodeStuff-appTests/Pods-qrcodeStuff-appTests.debug.xcconfig"; sourceTree = "<group>"; };
		5F5411DF78407C9EFAD2E868 /* Pods-qrcodeStuff-appTests.release.xcconfig */ = {isa = PBXFileReference; includeInIndex = 1; lastKnownFileType = text.xcconfig; name = "Pods-qrcodeStuff-appTests.release.xcconfig"; path = "Target Support Files/Pods-qrcodeStuff-appTests/Pods-qrcodeStuff-appTests.release.xcconfig"; sourceTree = "<group>"; };
		8D303D2235D2187906F4C5F7 /* Pods-qrcodeStuff.release.xcconfig */ = {isa = PBXFileReference; includeInIndex = 1; lastKnownFileType = text.xcconfig; name = "Pods-qrcodeStuff.release.xcconfig"; path = "Target Support Files/Pods-qrcodeStuff/Pods-qrcodeStuff.release.xcconfig"; sourceTree = "<group>"; };
		8F10D3EE26113458006DAF19 /* filterStudentsTests.swift */ = {isa = PBXFileReference; lastKnownFileType = sourcecode.swift; path = filterStudentsTests.swift; sourceTree = "<group>"; };
		8F10D3FD2611A4EC006DAF19 /* appUITests.xctest */ = {isa = PBXFileReference; explicitFileType = wrapper.cfbundle; includeInIndex = 0; path = appUITests.xctest; sourceTree = BUILT_PRODUCTS_DIR; };
		8F10D3FF2611A4EC006DAF19 /* filterStudentsUITests.swift */ = {isa = PBXFileReference; lastKnownFileType = sourcecode.swift; path = filterStudentsUITests.swift; sourceTree = "<group>"; };
		8F10D4012611A4EC006DAF19 /* Info.plist */ = {isa = PBXFileReference; lastKnownFileType = text.plist.xml; path = Info.plist; sourceTree = "<group>"; };
		8F814C8126086B0C008FF4E2 /* Student.swift */ = {isa = PBXFileReference; fileEncoding = 4; lastKnownFileType = sourcecode.swift; path = Student.swift; sourceTree = "<group>"; };
		8F814C8426086B15008FF4E2 /* FilterStudentsTableViewCell.swift */ = {isa = PBXFileReference; fileEncoding = 4; lastKnownFileType = sourcecode.swift; path = FilterStudentsTableViewCell.swift; sourceTree = "<group>"; };
		8F814C8726086B1F008FF4E2 /* FilterStudentsTableViewController.swift */ = {isa = PBXFileReference; fileEncoding = 4; lastKnownFileType = sourcecode.swift; path = FilterStudentsTableViewController.swift; sourceTree = "<group>"; };
		B12EA1E9260008550082CA9C /* qrcodeStuff.app */ = {isa = PBXFileReference; explicitFileType = wrapper.application; includeInIndex = 0; path = qrcodeStuff.app; sourceTree = BUILT_PRODUCTS_DIR; };
		B12EA1EC260008550082CA9C /* AppDelegate.swift */ = {isa = PBXFileReference; lastKnownFileType = sourcecode.swift; path = AppDelegate.swift; sourceTree = "<group>"; };
		B12EA1EE260008550082CA9C /* SceneDelegate.swift */ = {isa = PBXFileReference; lastKnownFileType = sourcecode.swift; path = SceneDelegate.swift; sourceTree = "<group>"; };
		B12EA1F3260008550082CA9C /* Base */ = {isa = PBXFileReference; lastKnownFileType = file.storyboard; name = Base; path = Base.lproj/Main.storyboard; sourceTree = "<group>"; };
		B12EA1F5260008560082CA9C /* Assets.xcassets */ = {isa = PBXFileReference; lastKnownFileType = folder.assetcatalog; path = Assets.xcassets; sourceTree = "<group>"; };
		B12EA1F8260008560082CA9C /* Base */ = {isa = PBXFileReference; lastKnownFileType = file.storyboard; name = Base; path = Base.lproj/LaunchScreen.storyboard; sourceTree = "<group>"; };
		B12EA1FA260008560082CA9C /* Info.plist */ = {isa = PBXFileReference; lastKnownFileType = text.plist.xml; path = Info.plist; sourceTree = "<group>"; };
		B12EA205260009030082CA9C /* GoogleService-Info.plist */ = {isa = PBXFileReference; fileEncoding = 4; lastKnownFileType = text.plist.xml; path = "GoogleService-Info.plist"; sourceTree = "<group>"; };
		B12EA22026000C6A0082CA9C /* ScannerViewController.swift */ = {isa = PBXFileReference; lastKnownFileType = sourcecode.swift; path = ScannerViewController.swift; sourceTree = "<group>"; };
		B144A21C26040B060011FB9C /* BuildingXXXTableViewCell.swift */ = {isa = PBXFileReference; fileEncoding = 4; lastKnownFileType = sourcecode.swift; path = BuildingXXXTableViewCell.swift; sourceTree = "<group>"; };
		B144A22026040DF10011FB9C /* BuildingXXXViewController.swift */ = {isa = PBXFileReference; lastKnownFileType = sourcecode.swift; path = BuildingXXXViewController.swift; sourceTree = "<group>"; };
		B14E729226100667003370E1 /* qrCodeTests.swift */ = {isa = PBXFileReference; fileEncoding = 4; lastKnownFileType = sourcecode.swift; path = qrCodeTests.swift; sourceTree = "<group>"; };
		B176E272261004B70065D18B /* appTests.xctest */ = {isa = PBXFileReference; explicitFileType = wrapper.cfbundle; includeInIndex = 0; path = appTests.xctest; sourceTree = BUILT_PRODUCTS_DIR; };
		B176E274261004B70065D18B /* appTests.swift */ = {isa = PBXFileReference; lastKnownFileType = sourcecode.swift; path = appTests.swift; sourceTree = "<group>"; };
		B176E276261004B70065D18B /* Info.plist */ = {isa = PBXFileReference; lastKnownFileType = text.plist.xml; path = Info.plist; sourceTree = "<group>"; };
		B17C6E6A2607D74B00C8E964 /* building.swift */ = {isa = PBXFileReference; fileEncoding = 4; lastKnownFileType = sourcecode.swift; path = building.swift; sourceTree = "<group>"; };
		B17C6E6B2607D74B00C8E964 /* buildingService.swift */ = {isa = PBXFileReference; fileEncoding = 4; lastKnownFileType = sourcecode.swift; path = buildingService.swift; sourceTree = "<group>"; };
		B17C6E6C2607D74B00C8E964 /* buildingFirebase.swift */ = {isa = PBXFileReference; fileEncoding = 4; lastKnownFileType = sourcecode.swift; path = buildingFirebase.swift; sourceTree = "<group>"; };
		B17C6E742607D7A300C8E964 /* BuildingViewController.swift */ = {isa = PBXFileReference; fileEncoding = 4; lastKnownFileType = sourcecode.swift; path = BuildingViewController.swift; sourceTree = "<group>"; };
		B17C6E772607D7BF00C8E964 /* BuildingsManageViewControllerViewController.swift */ = {isa = PBXFileReference; fileEncoding = 4; lastKnownFileType = sourcecode.swift; path = BuildingsManageViewControllerViewController.swift; sourceTree = "<group>"; };
		B17C6E782607D7BF00C8E964 /* EditBuildingViewController.swift */ = {isa = PBXFileReference; fileEncoding = 4; lastKnownFileType = sourcecode.swift; path = EditBuildingViewController.swift; sourceTree = "<group>"; };
		B17C6E7C2607D7DD00C8E964 /* BuildingsManageTableViewCell.swift */ = {isa = PBXFileReference; fileEncoding = 4; lastKnownFileType = sourcecode.swift; path = BuildingsManageTableViewCell.swift; sourceTree = "<group>"; };
		B17C6E9326081E7200C8E964 /* AddBuildingViewController.swift */ = {isa = PBXFileReference; fileEncoding = 4; lastKnownFileType = sourcecode.swift; path = AddBuildingViewController.swift; sourceTree = "<group>"; };
		B1C703FE26004A5B00313817 /* GenerateQRViewController.swift */ = {isa = PBXFileReference; lastKnownFileType = sourcecode.swift; path = GenerateQRViewController.swift; sourceTree = "<group>"; };
		B1F53710260A4F34001FFA2B /* ViewController.swift */ = {isa = PBXFileReference; fileEncoding = 4; lastKnownFileType = sourcecode.swift; path = ViewController.swift; sourceTree = "<group>"; };
		B1F53711260A4F34001FFA2B /* ManagerSignUpViewController.swift */ = {isa = PBXFileReference; fileEncoding = 4; lastKnownFileType = sourcecode.swift; path = ManagerSignUpViewController.swift; sourceTree = "<group>"; };
		B1F53712260A4F34001FFA2B /* StudentVisitHistoryViewController.swift */ = {isa = PBXFileReference; fileEncoding = 4; lastKnownFileType = sourcecode.swift; path = StudentVisitHistoryViewController.swift; sourceTree = "<group>"; };
		B1F53713260A4F34001FFA2B /* ProfileSelectionViewController.swift */ = {isa = PBXFileReference; fileEncoding = 4; lastKnownFileType = sourcecode.swift; path = ProfileSelectionViewController.swift; sourceTree = "<group>"; };
		B1F53714260A4F34001FFA2B /* HomeViewController.swift */ = {isa = PBXFileReference; fileEncoding = 4; lastKnownFileType = sourcecode.swift; path = HomeViewController.swift; sourceTree = "<group>"; };
		B1F53715260A4F34001FFA2B /* ManagerFeedViewController.swift */ = {isa = PBXFileReference; fileEncoding = 4; lastKnownFileType = sourcecode.swift; path = ManagerFeedViewController.swift; sourceTree = "<group>"; };
		B1F53716260A4F34001FFA2B /* StudentSignUpViewController.swift */ = {isa = PBXFileReference; fileEncoding = 4; lastKnownFileType = sourcecode.swift; path = StudentSignUpViewController.swift; sourceTree = "<group>"; };
		B1F53720260A4F65001FFA2B /* DesignableView.swift */ = {isa = PBXFileReference; fileEncoding = 4; lastKnownFileType = sourcecode.swift; path = DesignableView.swift; sourceTree = "<group>"; };
		B1F53727260A4F85001FFA2B /* UIViewController+Extensions.swift */ = {isa = PBXFileReference; fileEncoding = 4; lastKnownFileType = sourcecode.swift; path = "UIViewController+Extensions.swift"; sourceTree = "<group>"; };
		B1F5372F260A4FD7001FFA2B /* Constants.swift */ = {isa = PBXFileReference; fileEncoding = 4; lastKnownFileType = sourcecode.swift; path = Constants.swift; sourceTree = "<group>"; };
		B1F53730260A4FD7001FFA2B /* Utilities.swift */ = {isa = PBXFileReference; fileEncoding = 4; lastKnownFileType = sourcecode.swift; path = Utilities.swift; sourceTree = "<group>"; };
		B1F53731260A4FD7001FFA2B /* UIPhotoDelegate.swift */ = {isa = PBXFileReference; fileEncoding = 4; lastKnownFileType = sourcecode.swift; path = UIPhotoDelegate.swift; sourceTree = "<group>"; };
		B1F53732260A4FD7001FFA2B /* UserData.swift */ = {isa = PBXFileReference; fileEncoding = 4; lastKnownFileType = sourcecode.swift; path = UserData.swift; sourceTree = "<group>"; };
		B1F53733260A4FD7001FFA2B /* FirestoreAccessor.swift */ = {isa = PBXFileReference; fileEncoding = 4; lastKnownFileType = sourcecode.swift; path = FirestoreAccessor.swift; sourceTree = "<group>"; };
		B9ABC153630151697F232D06 /* Pods_qrcodeStuff_appTests.framework */ = {isa = PBXFileReference; explicitFileType = wrapper.framework; includeInIndex = 0; path = Pods_qrcodeStuff_appTests.framework; sourceTree = BUILT_PRODUCTS_DIR; };
		BF2BC6B62609ADB900E01139 /* PhotoUploadViewController.swift */ = {isa = PBXFileReference; fileEncoding = 4; lastKnownFileType = sourcecode.swift; name = PhotoUploadViewController.swift; path = qrcodeStuff/ViewControllers/CarlosViewControllers/PhotoUploadViewController.swift; sourceTree = SOURCE_ROOT; };
		BF2BC6BA2609AE0500E01139 /* ManagerTabBarController.swift */ = {isa = PBXFileReference; fileEncoding = 4; lastKnownFileType = sourcecode.swift; name = ManagerTabBarController.swift; path = qrcodeStuff/ViewControllers/CarlosViewControllers/ManagerTabBarController.swift; sourceTree = SOURCE_ROOT; };
		BF2BC6BB2609AE0500E01139 /* ProfileEditViewController.swift */ = {isa = PBXFileReference; fileEncoding = 4; lastKnownFileType = sourcecode.swift; path = ProfileEditViewController.swift; sourceTree = "<group>"; };
		BF2BC6BC2609AE0500E01139 /* DeleteAccountViewController.swift */ = {isa = PBXFileReference; fileEncoding = 4; lastKnownFileType = sourcecode.swift; name = DeleteAccountViewController.swift; path = qrcodeStuff/ViewControllers/CarlosViewControllers/DeleteAccountViewController.swift; sourceTree = SOURCE_ROOT; };
		BF2BC6BD2609AE0500E01139 /* ProfilePageViewController.swift */ = {isa = PBXFileReference; fileEncoding = 4; lastKnownFileType = sourcecode.swift; path = ProfilePageViewController.swift; sourceTree = "<group>"; };
		BF2BC6BE2609AE0500E01139 /* StudentTabBarController.swift */ = {isa = PBXFileReference; fileEncoding = 4; lastKnownFileType = sourcecode.swift; path = StudentTabBarController.swift; sourceTree = "<group>"; };
/* End PBXFileReference section */

/* Begin PBXFrameworksBuildPhase section */
		8F10D3FA2611A4EC006DAF19 /* Frameworks */ = {
			isa = PBXFrameworksBuildPhase;
			buildActionMask = 2147483647;
			files = (
			);
			runOnlyForDeploymentPostprocessing = 0;
		};
		B12EA1E6260008550082CA9C /* Frameworks */ = {
			isa = PBXFrameworksBuildPhase;
			buildActionMask = 2147483647;
			files = (
				1429F29CCB1D4F665DB8FA74 /* Pods_qrcodeStuff.framework in Frameworks */,
			);
			runOnlyForDeploymentPostprocessing = 0;
		};
		B176E26F261004B70065D18B /* Frameworks */ = {
			isa = PBXFrameworksBuildPhase;
			buildActionMask = 2147483647;
			files = (
				4F391DCDEFD22514619996BE /* Pods_qrcodeStuff_appTests.framework in Frameworks */,
			);
			runOnlyForDeploymentPostprocessing = 0;
		};
/* End PBXFrameworksBuildPhase section */

/* Begin PBXGroup section */
		77B1C62DD80B335D0D92DCB3 /* Pods */ = {
			isa = PBXGroup;
			children = (
				2093DCFD0E3CB7330B73A258 /* Pods-qrcodeStuff.debug.xcconfig */,
				8D303D2235D2187906F4C5F7 /* Pods-qrcodeStuff.release.xcconfig */,
				5B25DAB09A0535079427E1C6 /* Pods-qrcodeStuff-appTests.debug.xcconfig */,
				5F5411DF78407C9EFAD2E868 /* Pods-qrcodeStuff-appTests.release.xcconfig */,
			);
			path = Pods;
			sourceTree = "<group>";
		};
		88DD897644DA2225946116F5 /* Frameworks */ = {
			isa = PBXGroup;
			children = (
				22D509E9B7950F2730DF164C /* Pods_qrcodeStuff.framework */,
				B9ABC153630151697F232D06 /* Pods_qrcodeStuff_appTests.framework */,
			);
			name = Frameworks;
			sourceTree = "<group>";
		};
		8F10D3FE2611A4EC006DAF19 /* appUITests */ = {
			isa = PBXGroup;
			children = (
				8F10D3FF2611A4EC006DAF19 /* filterStudentsUITests.swift */,
				8F10D4012611A4EC006DAF19 /* Info.plist */,
			);
			path = appUITests;
			sourceTree = "<group>";
		};
		8F814C8A26086B32008FF4E2 /* Student */ = {
			isa = PBXGroup;
			children = (
				8F814C8126086B0C008FF4E2 /* Student.swift */,
			);
			path = Student;
			sourceTree = "<group>";
		};
		B12EA1E0260008550082CA9C = {
			isa = PBXGroup;
			children = (
				B12EA1EB260008550082CA9C /* qrcodeStuff */,
				B176E273261004B70065D18B /* appTests */,
				8F10D3FE2611A4EC006DAF19 /* appUITests */,
				B12EA1EA260008550082CA9C /* Products */,
				77B1C62DD80B335D0D92DCB3 /* Pods */,
				88DD897644DA2225946116F5 /* Frameworks */,
			);
			sourceTree = "<group>";
		};
		B12EA1EA260008550082CA9C /* Products */ = {
			isa = PBXGroup;
			children = (
				B12EA1E9260008550082CA9C /* qrcodeStuff.app */,
				B176E272261004B70065D18B /* appTests.xctest */,
				8F10D3FD2611A4EC006DAF19 /* appUITests.xctest */,
			);
			name = Products;
			sourceTree = "<group>";
		};
		B12EA1EB260008550082CA9C /* qrcodeStuff */ = {
			isa = PBXGroup;
			children = (
				B1F53720260A4F65001FFA2B /* DesignableView.swift */,
				B1F53727260A4F85001FFA2B /* UIViewController+Extensions.swift */,
				B1F5372E260A4FD7001FFA2B /* Helpers */,
				B17C6E712607D75800C8E964 /* Models */,
				B144A21B26040B060011FB9C /* TableViewCellControllers */,
				B12EA21A26000BD70082CA9C /* ViewControllers */,
				B12EA1EC260008550082CA9C /* AppDelegate.swift */,
				B12EA1EE260008550082CA9C /* SceneDelegate.swift */,
				B12EA1F2260008550082CA9C /* Main.storyboard */,
				B12EA1F5260008560082CA9C /* Assets.xcassets */,
				B12EA1F7260008560082CA9C /* LaunchScreen.storyboard */,
				B12EA1FA260008560082CA9C /* Info.plist */,
				B12EA205260009030082CA9C /* GoogleService-Info.plist */,
			);
			path = qrcodeStuff;
			sourceTree = "<group>";
		};
		B12EA21A26000BD70082CA9C /* ViewControllers */ = {
			isa = PBXGroup;
			children = (
				B1F5370F260A4F34001FFA2B /* IvanViewControllers */,
				BFDF6F032609AAA30019D52C /* CarlosViewControllers */,
				8F814C8726086B1F008FF4E2 /* FilterStudentsTableViewController.swift */,
				B17C6E732607D78E00C8E964 /* BuildingViewControllers */,
				B17C6E722607D77C00C8E964 /* QRViewControllers */,
			);
			path = ViewControllers;
			sourceTree = "<group>";
		};
		B144A21B26040B060011FB9C /* TableViewCellControllers */ = {
			isa = PBXGroup;
			children = (
				8F814C8426086B15008FF4E2 /* FilterStudentsTableViewCell.swift */,
				B17C6E7C2607D7DD00C8E964 /* BuildingsManageTableViewCell.swift */,
				B144A21C26040B060011FB9C /* BuildingXXXTableViewCell.swift */,
			);
			path = TableViewCellControllers;
			sourceTree = "<group>";
		};
		B176E273261004B70065D18B /* appTests */ = {
			isa = PBXGroup;
			children = (
				B176E274261004B70065D18B /* appTests.swift */,
				B14E729226100667003370E1 /* qrCodeTests.swift */,
				B176E276261004B70065D18B /* Info.plist */,
				8F10D3EE26113458006DAF19 /* filterStudentsTests.swift */,
			);
			path = appTests;
			sourceTree = "<group>";
		};
		B17C6E692607D74B00C8E964 /* Building */ = {
			isa = PBXGroup;
			children = (
				B17C6E6A2607D74B00C8E964 /* building.swift */,
				B17C6E6B2607D74B00C8E964 /* buildingService.swift */,
				B17C6E6C2607D74B00C8E964 /* buildingFirebase.swift */,
			);
			path = Building;
			sourceTree = "<group>";
		};
		B17C6E712607D75800C8E964 /* Models */ = {
			isa = PBXGroup;
			children = (
				8F814C8A26086B32008FF4E2 /* Student */,
				B17C6E692607D74B00C8E964 /* Building */,
			);
			path = Models;
			sourceTree = "<group>";
		};
		B17C6E722607D77C00C8E964 /* QRViewControllers */ = {
			isa = PBXGroup;
			children = (
				B12EA22026000C6A0082CA9C /* ScannerViewController.swift */,
				B1C703FE26004A5B00313817 /* GenerateQRViewController.swift */,
			);
			path = QRViewControllers;
			sourceTree = "<group>";
		};
		B17C6E732607D78E00C8E964 /* BuildingViewControllers */ = {
			isa = PBXGroup;
			children = (
				B17C6E772607D7BF00C8E964 /* BuildingsManageViewControllerViewController.swift */,
				B17C6E782607D7BF00C8E964 /* EditBuildingViewController.swift */,
				B17C6E742607D7A300C8E964 /* BuildingViewController.swift */,
				B17C6E9326081E7200C8E964 /* AddBuildingViewController.swift */,
				B144A22026040DF10011FB9C /* BuildingXXXViewController.swift */,
			);
			path = BuildingViewControllers;
			sourceTree = "<group>";
		};
		B1F5370F260A4F34001FFA2B /* IvanViewControllers */ = {
			isa = PBXGroup;
			children = (
				B1F53710260A4F34001FFA2B /* ViewController.swift */,
				B1F53711260A4F34001FFA2B /* ManagerSignUpViewController.swift */,
				B1F53712260A4F34001FFA2B /* StudentVisitHistoryViewController.swift */,
				B1F53713260A4F34001FFA2B /* ProfileSelectionViewController.swift */,
				B1F53714260A4F34001FFA2B /* HomeViewController.swift */,
				B1F53715260A4F34001FFA2B /* ManagerFeedViewController.swift */,
				B1F53716260A4F34001FFA2B /* StudentSignUpViewController.swift */,
			);
			path = IvanViewControllers;
			sourceTree = "<group>";
		};
		B1F5372E260A4FD7001FFA2B /* Helpers */ = {
			isa = PBXGroup;
			children = (
				B1F5372F260A4FD7001FFA2B /* Constants.swift */,
				B1F53730260A4FD7001FFA2B /* Utilities.swift */,
				B1F53731260A4FD7001FFA2B /* UIPhotoDelegate.swift */,
				B1F53732260A4FD7001FFA2B /* UserData.swift */,
				B1F53733260A4FD7001FFA2B /* FirestoreAccessor.swift */,
			);
			path = Helpers;
			sourceTree = "<group>";
		};
		BFDF6F032609AAA30019D52C /* CarlosViewControllers */ = {
			isa = PBXGroup;
			children = (
				BF2BC6BE2609AE0500E01139 /* StudentTabBarController.swift */,
				BF2BC6BA2609AE0500E01139 /* ManagerTabBarController.swift */,
				BF2BC6B62609ADB900E01139 /* PhotoUploadViewController.swift */,
				BF2BC6BC2609AE0500E01139 /* DeleteAccountViewController.swift */,
				BF2BC6BB2609AE0500E01139 /* ProfileEditViewController.swift */,
				BF2BC6BD2609AE0500E01139 /* ProfilePageViewController.swift */,
			);
			path = CarlosViewControllers;
			sourceTree = "<group>";
		};
/* End PBXGroup section */

/* Begin PBXNativeTarget section */
		8F10D3FC2611A4EC006DAF19 /* appUITests */ = {
			isa = PBXNativeTarget;
			buildConfigurationList = 8F10D4042611A4EC006DAF19 /* Build configuration list for PBXNativeTarget "appUITests" */;
			buildPhases = (
				8F10D3F92611A4EC006DAF19 /* Sources */,
				8F10D3FA2611A4EC006DAF19 /* Frameworks */,
				8F10D3FB2611A4EC006DAF19 /* Resources */,
			);
			buildRules = (
			);
			dependencies = (
				8F10D4032611A4EC006DAF19 /* PBXTargetDependency */,
			);
			name = appUITests;
			productName = appUITests;
			productReference = 8F10D3FD2611A4EC006DAF19 /* appUITests.xctest */;
			productType = "com.apple.product-type.bundle.ui-testing";
		};
		B12EA1E8260008550082CA9C /* qrcodeStuff */ = {
			isa = PBXNativeTarget;
			buildConfigurationList = B12EA1FD260008560082CA9C /* Build configuration list for PBXNativeTarget "qrcodeStuff" */;
			buildPhases = (
				A096E67A285CD3A1C0EC0C18 /* [CP] Check Pods Manifest.lock */,
				B12EA1E5260008550082CA9C /* Sources */,
				B12EA1E6260008550082CA9C /* Frameworks */,
				B12EA1E7260008550082CA9C /* Resources */,
				734EA4E735D035C5CB22E6EA /* [CP] Embed Pods Frameworks */,
				3D89F8FFD87F2261EB9EF675 /* [CP] Copy Pods Resources */,
			);
			buildRules = (
			);
			dependencies = (
			);
			name = qrcodeStuff;
			productName = qrcodeStuff;
			productReference = B12EA1E9260008550082CA9C /* qrcodeStuff.app */;
			productType = "com.apple.product-type.application";
		};
		B176E271261004B70065D18B /* appTests */ = {
			isa = PBXNativeTarget;
			buildConfigurationList = B176E279261004B70065D18B /* Build configuration list for PBXNativeTarget "appTests" */;
			buildPhases = (
				2B3A1309DB82C41B70C471A3 /* [CP] Check Pods Manifest.lock */,
				B176E26E261004B70065D18B /* Sources */,
				B176E26F261004B70065D18B /* Frameworks */,
				B176E270261004B70065D18B /* Resources */,
				177C1D541A72D50B577B2F87 /* [CP] Embed Pods Frameworks */,
				0C8CE46082DD6ED4F6E8F0FA /* [CP] Copy Pods Resources */,
			);
			buildRules = (
			);
			dependencies = (
				B176E278261004B70065D18B /* PBXTargetDependency */,
			);
			name = appTests;
			productName = appTests;
			productReference = B176E272261004B70065D18B /* appTests.xctest */;
			productType = "com.apple.product-type.bundle.unit-test";
		};
/* End PBXNativeTarget section */

/* Begin PBXProject section */
		B12EA1E1260008550082CA9C /* Project object */ = {
			isa = PBXProject;
			attributes = {
				LastSwiftUpdateCheck = 1240;
				LastUpgradeCheck = 1240;
				TargetAttributes = {
					8F10D3FC2611A4EC006DAF19 = {
						CreatedOnToolsVersion = 12.4;
						TestTargetID = B12EA1E8260008550082CA9C;
					};
					B12EA1E8260008550082CA9C = {
						CreatedOnToolsVersion = 12.4;
					};
					B176E271261004B70065D18B = {
						CreatedOnToolsVersion = 12.4;
						TestTargetID = B12EA1E8260008550082CA9C;
					};
				};
			};
			buildConfigurationList = B12EA1E4260008550082CA9C /* Build configuration list for PBXProject "qrcodeStuff" */;
			compatibilityVersion = "Xcode 9.3";
			developmentRegion = en;
			hasScannedForEncodings = 0;
			knownRegions = (
				en,
				Base,
			);
			mainGroup = B12EA1E0260008550082CA9C;
			productRefGroup = B12EA1EA260008550082CA9C /* Products */;
			projectDirPath = "";
			projectRoot = "";
			targets = (
				B12EA1E8260008550082CA9C /* qrcodeStuff */,
				B176E271261004B70065D18B /* appTests */,
				8F10D3FC2611A4EC006DAF19 /* appUITests */,
			);
		};
/* End PBXProject section */

/* Begin PBXResourcesBuildPhase section */
		8F10D3FB2611A4EC006DAF19 /* Resources */ = {
			isa = PBXResourcesBuildPhase;
			buildActionMask = 2147483647;
			files = (
			);
			runOnlyForDeploymentPostprocessing = 0;
		};
		B12EA1E7260008550082CA9C /* Resources */ = {
			isa = PBXResourcesBuildPhase;
			buildActionMask = 2147483647;
			files = (
				B12EA1F9260008560082CA9C /* LaunchScreen.storyboard in Resources */,
				B12EA206260009030082CA9C /* GoogleService-Info.plist in Resources */,
				B12EA1F6260008560082CA9C /* Assets.xcassets in Resources */,
				B12EA1F4260008550082CA9C /* Main.storyboard in Resources */,
			);
			runOnlyForDeploymentPostprocessing = 0;
		};
		B176E270261004B70065D18B /* Resources */ = {
			isa = PBXResourcesBuildPhase;
			buildActionMask = 2147483647;
			files = (
			);
			runOnlyForDeploymentPostprocessing = 0;
		};
/* End PBXResourcesBuildPhase section */

/* Begin PBXShellScriptBuildPhase section */
		0C8CE46082DD6ED4F6E8F0FA /* [CP] Copy Pods Resources */ = {
			isa = PBXShellScriptBuildPhase;
			buildActionMask = 2147483647;
			files = (
			);
			inputFileListPaths = (
				"${PODS_ROOT}/Target Support Files/Pods-qrcodeStuff-appTests/Pods-qrcodeStuff-appTests-resources-${CONFIGURATION}-input-files.xcfilelist",
			);
			name = "[CP] Copy Pods Resources";
			outputFileListPaths = (
				"${PODS_ROOT}/Target Support Files/Pods-qrcodeStuff-appTests/Pods-qrcodeStuff-appTests-resources-${CONFIGURATION}-output-files.xcfilelist",
			);
			runOnlyForDeploymentPostprocessing = 0;
			shellPath = /bin/sh;
			shellScript = "\"${PODS_ROOT}/Target Support Files/Pods-qrcodeStuff-appTests/Pods-qrcodeStuff-appTests-resources.sh\"\n";
			showEnvVarsInLog = 0;
		};
		177C1D541A72D50B577B2F87 /* [CP] Embed Pods Frameworks */ = {
			isa = PBXShellScriptBuildPhase;
			buildActionMask = 2147483647;
			files = (
			);
			inputFileListPaths = (
				"${PODS_ROOT}/Target Support Files/Pods-qrcodeStuff-appTests/Pods-qrcodeStuff-appTests-frameworks-${CONFIGURATION}-input-files.xcfilelist",
			);
			name = "[CP] Embed Pods Frameworks";
			outputFileListPaths = (
				"${PODS_ROOT}/Target Support Files/Pods-qrcodeStuff-appTests/Pods-qrcodeStuff-appTests-frameworks-${CONFIGURATION}-output-files.xcfilelist",
			);
			runOnlyForDeploymentPostprocessing = 0;
			shellPath = /bin/sh;
			shellScript = "\"${PODS_ROOT}/Target Support Files/Pods-qrcodeStuff-appTests/Pods-qrcodeStuff-appTests-frameworks.sh\"\n";
			showEnvVarsInLog = 0;
		};
		2B3A1309DB82C41B70C471A3 /* [CP] Check Pods Manifest.lock */ = {
			isa = PBXShellScriptBuildPhase;
			buildActionMask = 2147483647;
			files = (
			);
			inputFileListPaths = (
			);
			inputPaths = (
				"${PODS_PODFILE_DIR_PATH}/Podfile.lock",
				"${PODS_ROOT}/Manifest.lock",
			);
			name = "[CP] Check Pods Manifest.lock";
			outputFileListPaths = (
			);
			outputPaths = (
				"$(DERIVED_FILE_DIR)/Pods-qrcodeStuff-appTests-checkManifestLockResult.txt",
			);
			runOnlyForDeploymentPostprocessing = 0;
			shellPath = /bin/sh;
			shellScript = "diff \"${PODS_PODFILE_DIR_PATH}/Podfile.lock\" \"${PODS_ROOT}/Manifest.lock\" > /dev/null\nif [ $? != 0 ] ; then\n    # print error to STDERR\n    echo \"error: The sandbox is not in sync with the Podfile.lock. Run 'pod install' or update your CocoaPods installation.\" >&2\n    exit 1\nfi\n# This output is used by Xcode 'outputs' to avoid re-running this script phase.\necho \"SUCCESS\" > \"${SCRIPT_OUTPUT_FILE_0}\"\n";
			showEnvVarsInLog = 0;
		};
		3D89F8FFD87F2261EB9EF675 /* [CP] Copy Pods Resources */ = {
			isa = PBXShellScriptBuildPhase;
			buildActionMask = 2147483647;
			files = (
			);
			inputFileListPaths = (
				"${PODS_ROOT}/Target Support Files/Pods-qrcodeStuff/Pods-qrcodeStuff-resources-${CONFIGURATION}-input-files.xcfilelist",
			);
			name = "[CP] Copy Pods Resources";
			outputFileListPaths = (
				"${PODS_ROOT}/Target Support Files/Pods-qrcodeStuff/Pods-qrcodeStuff-resources-${CONFIGURATION}-output-files.xcfilelist",
			);
			runOnlyForDeploymentPostprocessing = 0;
			shellPath = /bin/sh;
			shellScript = "\"${PODS_ROOT}/Target Support Files/Pods-qrcodeStuff/Pods-qrcodeStuff-resources.sh\"\n";
			showEnvVarsInLog = 0;
		};
		734EA4E735D035C5CB22E6EA /* [CP] Embed Pods Frameworks */ = {
			isa = PBXShellScriptBuildPhase;
			buildActionMask = 2147483647;
			files = (
			);
			inputFileListPaths = (
				"${PODS_ROOT}/Target Support Files/Pods-qrcodeStuff/Pods-qrcodeStuff-frameworks-${CONFIGURATION}-input-files.xcfilelist",
			);
			name = "[CP] Embed Pods Frameworks";
			outputFileListPaths = (
				"${PODS_ROOT}/Target Support Files/Pods-qrcodeStuff/Pods-qrcodeStuff-frameworks-${CONFIGURATION}-output-files.xcfilelist",
			);
			runOnlyForDeploymentPostprocessing = 0;
			shellPath = /bin/sh;
			shellScript = "\"${PODS_ROOT}/Target Support Files/Pods-qrcodeStuff/Pods-qrcodeStuff-frameworks.sh\"\n";
			showEnvVarsInLog = 0;
		};
		A096E67A285CD3A1C0EC0C18 /* [CP] Check Pods Manifest.lock */ = {
			isa = PBXShellScriptBuildPhase;
			buildActionMask = 2147483647;
			files = (
			);
			inputFileListPaths = (
			);
			inputPaths = (
				"${PODS_PODFILE_DIR_PATH}/Podfile.lock",
				"${PODS_ROOT}/Manifest.lock",
			);
			name = "[CP] Check Pods Manifest.lock";
			outputFileListPaths = (
			);
			outputPaths = (
				"$(DERIVED_FILE_DIR)/Pods-qrcodeStuff-checkManifestLockResult.txt",
			);
			runOnlyForDeploymentPostprocessing = 0;
			shellPath = /bin/sh;
			shellScript = "diff \"${PODS_PODFILE_DIR_PATH}/Podfile.lock\" \"${PODS_ROOT}/Manifest.lock\" > /dev/null\nif [ $? != 0 ] ; then\n    # print error to STDERR\n    echo \"error: The sandbox is not in sync with the Podfile.lock. Run 'pod install' or update your CocoaPods installation.\" >&2\n    exit 1\nfi\n# This output is used by Xcode 'outputs' to avoid re-running this script phase.\necho \"SUCCESS\" > \"${SCRIPT_OUTPUT_FILE_0}\"\n";
			showEnvVarsInLog = 0;
		};
/* End PBXShellScriptBuildPhase section */

/* Begin PBXSourcesBuildPhase section */
		8F10D3F92611A4EC006DAF19 /* Sources */ = {
			isa = PBXSourcesBuildPhase;
			buildActionMask = 2147483647;
			files = (
				8F10D4222611AA8D006DAF19 /* filterStudentsUITests.swift in Sources */,
			);
			runOnlyForDeploymentPostprocessing = 0;
		};
		B12EA1E5260008550082CA9C /* Sources */ = {
			isa = PBXSourcesBuildPhase;
			buildActionMask = 2147483647;
			files = (
				B17C6E7A2607D7BF00C8E964 /* EditBuildingViewController.swift in Sources */,
				B1F53734260A4FD7001FFA2B /* Constants.swift in Sources */,
				B12EA1ED260008550082CA9C /* AppDelegate.swift in Sources */,
				BF2BC6BF2609AE0500E01139 /* ManagerTabBarController.swift in Sources */,
				B17C6E9426081E7200C8E964 /* AddBuildingViewController.swift in Sources */,
				BF2BC6C22609AE0500E01139 /* ProfilePageViewController.swift in Sources */,
				B1F53738260A4FD7001FFA2B /* FirestoreAccessor.swift in Sources */,
				B1F5371D260A4F34001FFA2B /* StudentSignUpViewController.swift in Sources */,
				B1F53737260A4FD7001FFA2B /* UserData.swift in Sources */,
				B12EA22126000C6A0082CA9C /* ScannerViewController.swift in Sources */,
				B17C6E6F2607D74B00C8E964 /* buildingFirebase.swift in Sources */,
				BF2BC6B72609ADB900E01139 /* PhotoUploadViewController.swift in Sources */,
				B17C6E7D2607D7DD00C8E964 /* BuildingsManageTableViewCell.swift in Sources */,
				B1F53729260A4F85001FFA2B /* UIViewController+Extensions.swift in Sources */,
				B1F5371C260A4F34001FFA2B /* ManagerFeedViewController.swift in Sources */,
				BF2BC6C02609AE0500E01139 /* ProfileEditViewController.swift in Sources */,
				B1C703FF26004A5B00313817 /* GenerateQRViewController.swift in Sources */,
				B1F53717260A4F34001FFA2B /* ViewController.swift in Sources */,
				B17C6E792607D7BF00C8E964 /* BuildingsManageViewControllerViewController.swift in Sources */,
				B1F53721260A4F65001FFA2B /* DesignableView.swift in Sources */,
				B1F53718260A4F34001FFA2B /* ManagerSignUpViewController.swift in Sources */,
				8F814C8826086B1F008FF4E2 /* FilterStudentsTableViewController.swift in Sources */,
				8F814C8526086B15008FF4E2 /* FilterStudentsTableViewCell.swift in Sources */,
				BF2BC6C12609AE0500E01139 /* DeleteAccountViewController.swift in Sources */,
				B1F53735260A4FD7001FFA2B /* Utilities.swift in Sources */,
				B17C6E752607D7A300C8E964 /* BuildingViewController.swift in Sources */,
				B17C6E6E2607D74B00C8E964 /* buildingService.swift in Sources */,
				BF2BC6C32609AE0500E01139 /* StudentTabBarController.swift in Sources */,
				B1F5371B260A4F34001FFA2B /* HomeViewController.swift in Sources */,
				B144A22126040DF10011FB9C /* BuildingXXXViewController.swift in Sources */,
				B12EA1EF260008550082CA9C /* SceneDelegate.swift in Sources */,
				B144A21D26040B060011FB9C /* BuildingXXXTableViewCell.swift in Sources */,
				B17C6E6D2607D74B00C8E964 /* building.swift in Sources */,
				8F814C8226086B0C008FF4E2 /* Student.swift in Sources */,
				B1F53719260A4F34001FFA2B /* StudentVisitHistoryViewController.swift in Sources */,
				B1F5371A260A4F34001FFA2B /* ProfileSelectionViewController.swift in Sources */,
				B1F53736260A4FD7001FFA2B /* UIPhotoDelegate.swift in Sources */,
			);
			runOnlyForDeploymentPostprocessing = 0;
		};
		B176E26E261004B70065D18B /* Sources */ = {
			isa = PBXSourcesBuildPhase;
			buildActionMask = 2147483647;
			files = (
				B176E275261004B70065D18B /* appTests.swift in Sources */,
				8F10D3EF26113458006DAF19 /* filterStudentsTests.swift in Sources */,
				B14E729326100667003370E1 /* qrCodeTests.swift in Sources */,
			);
			runOnlyForDeploymentPostprocessing = 0;
		};
/* End PBXSourcesBuildPhase section */

/* Begin PBXTargetDependency section */
		8F10D4032611A4EC006DAF19 /* PBXTargetDependency */ = {
			isa = PBXTargetDependency;
			target = B12EA1E8260008550082CA9C /* qrcodeStuff */;
			targetProxy = 8F10D4022611A4EC006DAF19 /* PBXContainerItemProxy */;
		};
		B176E278261004B70065D18B /* PBXTargetDependency */ = {
			isa = PBXTargetDependency;
			target = B12EA1E8260008550082CA9C /* qrcodeStuff */;
			targetProxy = B176E277261004B70065D18B /* PBXContainerItemProxy */;
		};
/* End PBXTargetDependency section */

/* Begin PBXVariantGroup section */
		B12EA1F2260008550082CA9C /* Main.storyboard */ = {
			isa = PBXVariantGroup;
			children = (
				B12EA1F3260008550082CA9C /* Base */,
			);
			name = Main.storyboard;
			sourceTree = "<group>";
		};
		B12EA1F7260008560082CA9C /* LaunchScreen.storyboard */ = {
			isa = PBXVariantGroup;
			children = (
				B12EA1F8260008560082CA9C /* Base */,
			);
			name = LaunchScreen.storyboard;
			sourceTree = "<group>";
		};
/* End PBXVariantGroup section */

/* Begin XCBuildConfiguration section */
		8F10D4052611A4EC006DAF19 /* Debug */ = {
			isa = XCBuildConfiguration;
			buildSettings = {
				CODE_SIGN_STYLE = Automatic;
				INFOPLIST_FILE = appUITests/Info.plist;
				LD_RUNPATH_SEARCH_PATHS = (
					"$(inherited)",
					"@executable_path/Frameworks",
					"@loader_path/Frameworks",
				);
				PRODUCT_BUNDLE_IDENTIFIER = com.team14.appUITests;
				PRODUCT_NAME = "$(TARGET_NAME)";
				SWIFT_VERSION = 5.0;
				TARGETED_DEVICE_FAMILY = "1,2";
				TEST_TARGET_NAME = qrcodeStuff;
			};
			name = Debug;
		};
		8F10D4062611A4EC006DAF19 /* Release */ = {
			isa = XCBuildConfiguration;
			buildSettings = {
				CODE_SIGN_STYLE = Automatic;
				INFOPLIST_FILE = appUITests/Info.plist;
				LD_RUNPATH_SEARCH_PATHS = (
					"$(inherited)",
					"@executable_path/Frameworks",
					"@loader_path/Frameworks",
				);
				PRODUCT_BUNDLE_IDENTIFIER = com.team14.appUITests;
				PRODUCT_NAME = "$(TARGET_NAME)";
				SWIFT_VERSION = 5.0;
				TARGETED_DEVICE_FAMILY = "1,2";
				TEST_TARGET_NAME = qrcodeStuff;
			};
			name = Release;
		};
		B12EA1FB260008560082CA9C /* Debug */ = {
			isa = XCBuildConfiguration;
			buildSettings = {
				ALWAYS_SEARCH_USER_PATHS = NO;
				CLANG_ANALYZER_NONNULL = YES;
				CLANG_ANALYZER_NUMBER_OBJECT_CONVERSION = YES_AGGRESSIVE;
				CLANG_CXX_LANGUAGE_STANDARD = "gnu++14";
				CLANG_CXX_LIBRARY = "libc++";
				CLANG_ENABLE_MODULES = YES;
				CLANG_ENABLE_OBJC_ARC = YES;
				CLANG_ENABLE_OBJC_WEAK = YES;
				CLANG_WARN_BLOCK_CAPTURE_AUTORELEASING = YES;
				CLANG_WARN_BOOL_CONVERSION = YES;
				CLANG_WARN_COMMA = YES;
				CLANG_WARN_CONSTANT_CONVERSION = YES;
				CLANG_WARN_DEPRECATED_OBJC_IMPLEMENTATIONS = YES;
				CLANG_WARN_DIRECT_OBJC_ISA_USAGE = YES_ERROR;
				CLANG_WARN_DOCUMENTATION_COMMENTS = YES;
				CLANG_WARN_EMPTY_BODY = YES;
				CLANG_WARN_ENUM_CONVERSION = YES;
				CLANG_WARN_INFINITE_RECURSION = YES;
				CLANG_WARN_INT_CONVERSION = YES;
				CLANG_WARN_NON_LITERAL_NULL_CONVERSION = YES;
				CLANG_WARN_OBJC_IMPLICIT_RETAIN_SELF = YES;
				CLANG_WARN_OBJC_LITERAL_CONVERSION = YES;
				CLANG_WARN_OBJC_ROOT_CLASS = YES_ERROR;
				CLANG_WARN_QUOTED_INCLUDE_IN_FRAMEWORK_HEADER = YES;
				CLANG_WARN_RANGE_LOOP_ANALYSIS = YES;
				CLANG_WARN_STRICT_PROTOTYPES = YES;
				CLANG_WARN_SUSPICIOUS_MOVE = YES;
				CLANG_WARN_UNGUARDED_AVAILABILITY = YES_AGGRESSIVE;
				CLANG_WARN_UNREACHABLE_CODE = YES;
				CLANG_WARN__DUPLICATE_METHOD_MATCH = YES;
				COPY_PHASE_STRIP = NO;
				DEBUG_INFORMATION_FORMAT = dwarf;
				ENABLE_STRICT_OBJC_MSGSEND = YES;
				ENABLE_TESTABILITY = YES;
				GCC_C_LANGUAGE_STANDARD = gnu11;
				GCC_DYNAMIC_NO_PIC = NO;
				GCC_NO_COMMON_BLOCKS = YES;
				GCC_OPTIMIZATION_LEVEL = 0;
				GCC_PREPROCESSOR_DEFINITIONS = (
					"DEBUG=1",
					"$(inherited)",
				);
				GCC_WARN_64_TO_32_BIT_CONVERSION = YES;
				GCC_WARN_ABOUT_RETURN_TYPE = YES_ERROR;
				GCC_WARN_UNDECLARED_SELECTOR = YES;
				GCC_WARN_UNINITIALIZED_AUTOS = YES_AGGRESSIVE;
				GCC_WARN_UNUSED_FUNCTION = YES;
				GCC_WARN_UNUSED_VARIABLE = YES;
				IPHONEOS_DEPLOYMENT_TARGET = 14.4;
				MTL_ENABLE_DEBUG_INFO = INCLUDE_SOURCE;
				MTL_FAST_MATH = YES;
				ONLY_ACTIVE_ARCH = YES;
				SDKROOT = iphoneos;
				SWIFT_ACTIVE_COMPILATION_CONDITIONS = DEBUG;
				SWIFT_OPTIMIZATION_LEVEL = "-Onone";
			};
			name = Debug;
		};
		B12EA1FC260008560082CA9C /* Release */ = {
			isa = XCBuildConfiguration;
			buildSettings = {
				ALWAYS_SEARCH_USER_PATHS = NO;
				CLANG_ANALYZER_NONNULL = YES;
				CLANG_ANALYZER_NUMBER_OBJECT_CONVERSION = YES_AGGRESSIVE;
				CLANG_CXX_LANGUAGE_STANDARD = "gnu++14";
				CLANG_CXX_LIBRARY = "libc++";
				CLANG_ENABLE_MODULES = YES;
				CLANG_ENABLE_OBJC_ARC = YES;
				CLANG_ENABLE_OBJC_WEAK = YES;
				CLANG_WARN_BLOCK_CAPTURE_AUTORELEASING = YES;
				CLANG_WARN_BOOL_CONVERSION = YES;
				CLANG_WARN_COMMA = YES;
				CLANG_WARN_CONSTANT_CONVERSION = YES;
				CLANG_WARN_DEPRECATED_OBJC_IMPLEMENTATIONS = YES;
				CLANG_WARN_DIRECT_OBJC_ISA_USAGE = YES_ERROR;
				CLANG_WARN_DOCUMENTATION_COMMENTS = YES;
				CLANG_WARN_EMPTY_BODY = YES;
				CLANG_WARN_ENUM_CONVERSION = YES;
				CLANG_WARN_INFINITE_RECURSION = YES;
				CLANG_WARN_INT_CONVERSION = YES;
				CLANG_WARN_NON_LITERAL_NULL_CONVERSION = YES;
				CLANG_WARN_OBJC_IMPLICIT_RETAIN_SELF = YES;
				CLANG_WARN_OBJC_LITERAL_CONVERSION = YES;
				CLANG_WARN_OBJC_ROOT_CLASS = YES_ERROR;
				CLANG_WARN_QUOTED_INCLUDE_IN_FRAMEWORK_HEADER = YES;
				CLANG_WARN_RANGE_LOOP_ANALYSIS = YES;
				CLANG_WARN_STRICT_PROTOTYPES = YES;
				CLANG_WARN_SUSPICIOUS_MOVE = YES;
				CLANG_WARN_UNGUARDED_AVAILABILITY = YES_AGGRESSIVE;
				CLANG_WARN_UNREACHABLE_CODE = YES;
				CLANG_WARN__DUPLICATE_METHOD_MATCH = YES;
				COPY_PHASE_STRIP = NO;
				DEBUG_INFORMATION_FORMAT = "dwarf-with-dsym";
				ENABLE_NS_ASSERTIONS = NO;
				ENABLE_STRICT_OBJC_MSGSEND = YES;
				GCC_C_LANGUAGE_STANDARD = gnu11;
				GCC_NO_COMMON_BLOCKS = YES;
				GCC_WARN_64_TO_32_BIT_CONVERSION = YES;
				GCC_WARN_ABOUT_RETURN_TYPE = YES_ERROR;
				GCC_WARN_UNDECLARED_SELECTOR = YES;
				GCC_WARN_UNINITIALIZED_AUTOS = YES_AGGRESSIVE;
				GCC_WARN_UNUSED_FUNCTION = YES;
				GCC_WARN_UNUSED_VARIABLE = YES;
				IPHONEOS_DEPLOYMENT_TARGET = 14.4;
				MTL_ENABLE_DEBUG_INFO = NO;
				MTL_FAST_MATH = YES;
				SDKROOT = iphoneos;
				SWIFT_COMPILATION_MODE = wholemodule;
				SWIFT_OPTIMIZATION_LEVEL = "-O";
				VALIDATE_PRODUCT = YES;
			};
			name = Release;
		};
		B12EA1FE260008560082CA9C /* Debug */ = {
			isa = XCBuildConfiguration;
			baseConfigurationReference = 2093DCFD0E3CB7330B73A258 /* Pods-qrcodeStuff.debug.xcconfig */;
			buildSettings = {
				ASSETCATALOG_COMPILER_APPICON_NAME = AppIcon;
				ASSETCATALOG_COMPILER_GLOBAL_ACCENT_COLOR_NAME = AccentColor;
				CODE_SIGN_STYLE = Automatic;
				DEVELOPMENT_TEAM = 986XWR8X97;
				INFOPLIST_FILE = qrcodeStuff/Info.plist;
				LD_RUNPATH_SEARCH_PATHS = (
					"$(inherited)",
					"@executable_path/Frameworks",
				);
				PRODUCT_BUNDLE_IDENTIFIER = com.jenny8465.qrcodeStuff;
				PRODUCT_NAME = "$(TARGET_NAME)";
				SWIFT_VERSION = 5.0;
				TARGETED_DEVICE_FAMILY = "1,2";
			};
			name = Debug;
		};
		B12EA1FF260008560082CA9C /* Release */ = {
			isa = XCBuildConfiguration;
			baseConfigurationReference = 8D303D2235D2187906F4C5F7 /* Pods-qrcodeStuff.release.xcconfig */;
			buildSettings = {
				ASSETCATALOG_COMPILER_APPICON_NAME = AppIcon;
				ASSETCATALOG_COMPILER_GLOBAL_ACCENT_COLOR_NAME = AccentColor;
				CODE_SIGN_STYLE = Automatic;
				DEVELOPMENT_TEAM = 986XWR8X97;
				INFOPLIST_FILE = qrcodeStuff/Info.plist;
				LD_RUNPATH_SEARCH_PATHS = (
					"$(inherited)",
					"@executable_path/Frameworks",
				);
				PRODUCT_BUNDLE_IDENTIFIER = com.jenny8465.qrcodeStuff;
				PRODUCT_NAME = "$(TARGET_NAME)";
				SWIFT_VERSION = 5.0;
				TARGETED_DEVICE_FAMILY = "1,2";
			};
			name = Release;
		};
		B176E27A261004B70065D18B /* Debug */ = {
			isa = XCBuildConfiguration;
			baseConfigurationReference = 5B25DAB09A0535079427E1C6 /* Pods-qrcodeStuff-appTests.debug.xcconfig */;
			buildSettings = {
				BUNDLE_LOADER = "$(TEST_HOST)";
				CODE_SIGN_STYLE = Automatic;
				DEVELOPMENT_TEAM = 986XWR8X97;
				INFOPLIST_FILE = appTests/Info.plist;
				LD_RUNPATH_SEARCH_PATHS = (
					"$(inherited)",
					"@executable_path/Frameworks",
					"@loader_path/Frameworks",
				);
				PRODUCT_BUNDLE_IDENTIFIER = com.jenny8465.appTests;
				PRODUCT_NAME = "$(TARGET_NAME)";
				SWIFT_VERSION = 5.0;
				TARGETED_DEVICE_FAMILY = "1,2";
				TEST_HOST = "$(BUILT_PRODUCTS_DIR)/qrcodeStuff.app/qrcodeStuff";
			};
			name = Debug;
		};
		B176E27B261004B70065D18B /* Release */ = {
			isa = XCBuildConfiguration;
			baseConfigurationReference = 5F5411DF78407C9EFAD2E868 /* Pods-qrcodeStuff-appTests.release.xcconfig */;
			buildSettings = {
				BUNDLE_LOADER = "$(TEST_HOST)";
				CODE_SIGN_STYLE = Automatic;
				DEVELOPMENT_TEAM = 986XWR8X97;
				INFOPLIST_FILE = appTests/Info.plist;
				LD_RUNPATH_SEARCH_PATHS = (
					"$(inherited)",
					"@executable_path/Frameworks",
					"@loader_path/Frameworks",
				);
				PRODUCT_BUNDLE_IDENTIFIER = com.jenny8465.appTests;
				PRODUCT_NAME = "$(TARGET_NAME)";
				SWIFT_VERSION = 5.0;
				TARGETED_DEVICE_FAMILY = "1,2";
				TEST_HOST = "$(BUILT_PRODUCTS_DIR)/qrcodeStuff.app/qrcodeStuff";
			};
			name = Release;
		};
/* End XCBuildConfiguration section */

/* Begin XCConfigurationList section */
		8F10D4042611A4EC006DAF19 /* Build configuration list for PBXNativeTarget "appUITests" */ = {
			isa = XCConfigurationList;
			buildConfigurations = (
				8F10D4052611A4EC006DAF19 /* Debug */,
				8F10D4062611A4EC006DAF19 /* Release */,
			);
			defaultConfigurationIsVisible = 0;
			defaultConfigurationName = Release;
		};
		B12EA1E4260008550082CA9C /* Build configuration list for PBXProject "qrcodeStuff" */ = {
			isa = XCConfigurationList;
			buildConfigurations = (
				B12EA1FB260008560082CA9C /* Debug */,
				B12EA1FC260008560082CA9C /* Release */,
			);
			defaultConfigurationIsVisible = 0;
			defaultConfigurationName = Release;
		};
		B12EA1FD260008560082CA9C /* Build configuration list for PBXNativeTarget "qrcodeStuff" */ = {
			isa = XCConfigurationList;
			buildConfigurations = (
				B12EA1FE260008560082CA9C /* Debug */,
				B12EA1FF260008560082CA9C /* Release */,
			);
			defaultConfigurationIsVisible = 0;
			defaultConfigurationName = Release;
		};
		B176E279261004B70065D18B /* Build configuration list for PBXNativeTarget "appTests" */ = {
			isa = XCConfigurationList;
			buildConfigurations = (
				B176E27A261004B70065D18B /* Debug */,
				B176E27B261004B70065D18B /* Release */,
			);
			defaultConfigurationIsVisible = 0;
			defaultConfigurationName = Release;
		};
/* End XCConfigurationList section */
	};
	rootObject = B12EA1E1260008550082CA9C /* Project object */;
}
